dependencies:
- name: common
  repository: oci://registry-1.docker.io/ptnglobalcorp
  version: 0.1.0
- name: postgresql
  repository: oci://registry-1.docker.io/ptnglobalcorp
  version: 0.1.0
digest: sha256:a3e6638574b2535b3b554e9b20b3e5cab20eda4bbda5dcdab99ffbca1d7bc882
generated: "2025-02-18T21:49:49.7570391+07:00"
